<?xml version="1.0" encoding="utf-8"?>
<Project ToolsVersion="4.0" xmlns="http://schemas.microsoft.com/developer/msbuild/2003">
  <ItemGroup>
    <Filter Include="Исходные файлы">
      <UniqueIdentifier>{4FC737F1-C7A5-4376-A066-2A32D752A2FF}</UniqueIdentifier>
      <Extensions>cpp;c;cc;cxx;c++;cppm;ixx;def;odl;idl;hpj;bat;asm;asmx</Extensions>
    </Filter>
    <Filter Include="Файлы заголовков">
      <UniqueIdentifier>{93995380-89BD-4b04-88EB-625FBE52EBFB}</UniqueIdentifier>
      <Extensions>h;hh;hpp;hxx;h++;hm;inl;inc;ipp;xsd</Extensions>
    </Filter>
    <Filter Include="Файлы ресурсов">
      <UniqueIdentifier>{67DA6AB6-F800-4c08-8B7A-83BB121AAD01}</UniqueIdentifier>
      <Extensions>rc;ico;cur;bmp;dlg;rc2;rct;bin;rgs;gif;jpg;jpeg;jpe;resx;tiff;tif;png;wav;mfcribbon-ms</Extensions>
    </Filter>
    <Filter Include="shaders">
      <UniqueIdentifier>{d30988a8-1169-4cb4-84bd-c60e31271cb8}</UniqueIdentifier>
    </Filter>
    <Filter Include="Исходные файлы\imGui">
      <UniqueIdentifier>{20845221-2a7c-45fa-bfd4-7417029c2730}</UniqueIdentifier>
    </Filter>
    <Filter Include="Файлы заголовков\stb">
      <UniqueIdentifier>{3e1fbf1b-3bc7-46c6-a88d-24cf5df12a7a}</UniqueIdentifier>
    </Filter>
    <Filter Include="Файлы заголовков\libs">
      <UniqueIdentifier>{b36c864f-cd4b-4408-a1ff-b5f34a584b52}</UniqueIdentifier>
    </Filter>
  </ItemGroup>
  <ItemGroup>
    <ClInclude Include="framework.h">
      <Filter>Файлы заголовков</Filter>
    </ClInclude>
    <ClInclude Include="targetver.h">
      <Filter>Файлы заголовков</Filter>
    </ClInclude>
    <ClInclude Include="CGLab.h">
      <Filter>Файлы заголовков</Filter>
    </ClInclude>
    <ClInclude Include="renderer.h">
      <Filter>Файлы заголовков</Filter>
    </ClInclude>
    <ClInclude Include="common.h">
      <Filter>Файлы заголовков</Filter>
    </ClInclude>
    <ClInclude Include="shaderCompiler.h">
      <Filter>Файлы заголовков</Filter>
    </ClInclude>
    <ClInclude Include="toneMapping.h">
      <Filter>Файлы заголовков</Filter>
    </ClInclude>
    <ClInclude Include="light.h">
      <Filter>Файлы заголовков</Filter>
    </ClInclude>
    <ClInclude Include="app.h">
      <Filter>Файлы заголовков</Filter>
    </ClInclude>
    <ClInclude Include="camera.h">
      <Filter>Файлы заголовков</Filter>
    </ClInclude>
    <ClInclude Include="WICTextureLoader.h">
      <Filter>Файлы заголовков</Filter>
    </ClInclude>
    <ClInclude Include="imGui\imstb_truetype.h">
      <Filter>Исходные файлы\imGui</Filter>
    </ClInclude>
    <ClInclude Include="imGui\imstb_textedit.h">
      <Filter>Исходные файлы\imGui</Filter>
    </ClInclude>
    <ClInclude Include="imGui\imstb_rectpack.h">
      <Filter>Исходные файлы\imGui</Filter>
    </ClInclude>
    <ClInclude Include="imGui\imgui_internal.h">
      <Filter>Исходные файлы\imGui</Filter>
    </ClInclude>
    <ClInclude Include="imGui\imgui_impl_win32.h">
      <Filter>Исходные файлы\imGui</Filter>
    </ClInclude>
    <ClInclude Include="imGui\imgui_impl_dx11.h">
      <Filter>Исходные файлы\imGui</Filter>
    </ClInclude>
    <ClInclude Include="imGui\imgui.h">
      <Filter>Исходные файлы\imGui</Filter>
    </ClInclude>
    <ClInclude Include="imGui\imconfig.h">
      <Filter>Исходные файлы\imGui</Filter>
    </ClInclude>
    <ClInclude Include="rendererContext.h">
      <Filter>Файлы заголовков</Filter>
    </ClInclude>
    <ClInclude Include="stb\stb_image.h">
      <Filter>Файлы заголовков\stb</Filter>
    </ClInclude>
    <ClInclude Include="HDRITextureLoader.h">
      <Filter>Файлы заголовков</Filter>
    </ClInclude>
    <ClInclude Include="preintegratedBRDF.h">
      <Filter>Файлы заголовков</Filter>
    </ClInclude>
    <ClInclude Include="environment.h">
      <Filter>Файлы заголовков</Filter>
    </ClInclude>
    <ClInclude Include="libs\tiny_gltf.h">
      <Filter>Файлы заголовков\libs</Filter>
    </ClInclude>
    <ClInclude Include="libs\json.hpp">
      <Filter>Файлы заголовков\libs</Filter>
    </ClInclude>
    <ClInclude Include="model.h">
      <Filter>Файлы заголовков</Filter>
    </ClInclude>
    <ClInclude Include="bloom.h">
      <Filter>Файлы заголовков</Filter>
    </ClInclude>
  </ItemGroup>
  <ItemGroup>
    <ClCompile Include="CGLab.cpp">
      <Filter>Исходные файлы</Filter>
    </ClCompile>
    <ClCompile Include="renderer.cpp">
      <Filter>Исходные файлы</Filter>
    </ClCompile>
    <ClCompile Include="shaderCompiler.cpp">
      <Filter>Исходные файлы</Filter>
    </ClCompile>
    <ClCompile Include="toneMapping.cpp">
      <Filter>Исходные файлы</Filter>
    </ClCompile>
    <ClCompile Include="light.cpp">
      <Filter>Исходные файлы</Filter>
    </ClCompile>
    <ClCompile Include="camera.cpp">
      <Filter>Исходные файлы</Filter>
    </ClCompile>
    <ClCompile Include="app.cpp">
      <Filter>Исходные файлы</Filter>
    </ClCompile>
    <ClCompile Include="WICTextureLoader.cpp">
      <Filter>Исходные файлы</Filter>
    </ClCompile>
    <ClCompile Include="imGui\imgui_draw.cpp">
      <Filter>Исходные файлы\imGui</Filter>
    </ClCompile>
    <ClCompile Include="imGui\imgui_impl_dx11.cpp">
      <Filter>Исходные файлы\imGui</Filter>
    </ClCompile>
    <ClCompile Include="imGui\imgui_impl_win32.cpp">
      <Filter>Исходные файлы\imGui</Filter>
    </ClCompile>
    <ClCompile Include="imGui\imgui_tables.cpp">
      <Filter>Исходные файлы\imGui</Filter>
    </ClCompile>
    <ClCompile Include="imGui\imgui_widgets.cpp">
      <Filter>Исходные файлы\imGui</Filter>
    </ClCompile>
    <ClCompile Include="imGui\imgui.cpp">
      <Filter>Исходные файлы\imGui</Filter>
    </ClCompile>
    <ClCompile Include="rendererContext.cpp">
      <Filter>Исходные файлы</Filter>
    </ClCompile>
    <ClCompile Include="HDRITextureLoader.cpp">
      <Filter>Исходные файлы</Filter>
    </ClCompile>
    <ClCompile Include="preintegratedBRDF.cpp">
      <Filter>Исходные файлы</Filter>
    </ClCompile>
    <ClCompile Include="environment.cpp">
      <Filter>Исходные файлы</Filter>
    </ClCompile>
    <ClCompile Include="model.cpp">
      <Filter>Исходные файлы</Filter>
    </ClCompile>
    <ClCompile Include="framework.cpp">
      <Filter>Исходные файлы</Filter>
    </ClCompile>
    <ClCompile Include="bloom.cpp">
      <Filter>Исходные файлы</Filter>
    </ClCompile>
  </ItemGroup>
  <ItemGroup>
    <ResourceCompile Include="CGLab.rc">
      <Filter>Файлы ресурсов</Filter>
    </ResourceCompile>
  </ItemGroup>
  <ItemGroup>
    <Image Include="small.ico">
      <Filter>Файлы ресурсов</Filter>
    </Image>
    <Image Include="CGLab.ico">
      <Filter>Файлы ресурсов</Filter>
    </Image>
  </ItemGroup>
  <ItemGroup>
    <None Include="shaders\toneMapping.hlsl">
      <Filter>shaders</Filter>
    </None>
    <None Include="shaders\averageBrightness.hlsl">
      <Filter>shaders</Filter>
    </None>
    <None Include="shaders\downSample.hlsl">
      <Filter>shaders</Filter>
    </None>
    <None Include="shaders\simpleShader.hlsl">
      <Filter>shaders</Filter>
    </None>
    <None Include="shaders\environment.hlsl">
      <Filter>shaders</Filter>
    </None>
    <None Include="shaders\hdrToCube.hlsl">
      <Filter>shaders</Filter>
    </None>
    <None Include="shaders\irradianceMap.hlsl">
      <Filter>shaders</Filter>
    </None>
    <None Include="shaders\preintegratedBRDF.hlsl">
      <Filter>shaders</Filter>
    </None>
    <None Include="shaders\prefilteredColor.hlsl">
      <Filter>shaders</Filter>
    </None>
    <None Include="shaders\bloomMask.hlsl">
      <Filter>shaders</Filter>
    </None>
    <None Include="shaders\gaussBlur.hlsl">
      <Filter>shaders</Filter>
    </None>
    <None Include="shaders\sumShader.hlsl">
      <Filter>shaders</Filter>
    </None>
  </ItemGroup>
</Project>